Microsoft Visual Studio Solution File, Format Version 11.00
# Visual Studio 2008

Project("{64ACF9C5-A38D-1BDA-D4FF-B24FC43E223D}") = "JHGame", "Assembly-CSharp-vs.csproj", "{E5E26322-F7A1-1A9D-5F23-E765E5D69ABA}"
EndProject
Project("{64ACF9C5-A38D-1BDA-D4FF-B24FC43E223D}") = "JHGame", "Assembly-CSharp-Editor-vs.csproj", "{301FDCDB-2661-D90A-C6C5-1FB1330097A4}"
EndProject
Global
	GlobalSection(SolutionConfigurationPlatforms) = preSolution
		Debug|Any CPU = Debug|Any CPU
		Release|Any CPU = Release|Any CPU
	EndGlobalSection
	GlobalSection(ProjectConfigurationPlatforms) = postSolution
		{E5E26322-F7A1-1A9D-5F23-E765E5D69ABA}.Debug|Any CPU.ActiveCfg = Debug|Any CPU
		{E5E26322-F7A1-1A9D-5F23-E765E5D69ABA}.Debug|Any CPU.Build.0 = Debug|Any CPU
		{E5E26322-F7A1-1A9D-5F23-E765E5D69ABA}.Release|Any CPU.ActiveCfg = Release|Any CPU
		{E5E26322-F7A1-1A9D-5F23-E765E5D69ABA}.Release|Any CPU.Build.0 = Release|Any CPU
		{301FDCDB-2661-D90A-C6C5-1FB1330097A4}.Debug|Any CPU.ActiveCfg = Debug|Any CPU
		{301FDCDB-2661-D90A-C6C5-1FB1330097A4}.Debug|Any CPU.Build.0 = Debug|Any CPU
		{301FDCDB-2661-D90A-C6C5-1FB1330097A4}.Release|Any CPU.ActiveCfg = Release|Any CPU
		{301FDCDB-2661-D90A-C6C5-1FB1330097A4}.Release|Any CPU.Build.0 = Release|Any CPU
	EndGlobalSection
	GlobalSection(SolutionProperties) = preSolution
		HideSolutionNode = FALSE
	EndGlobalSection
																																																																																																												GlobalSection(MonoDevelopProperties) = preSolution
		StartupItem = Assembly-CSharp.csproj
		Policies = $0
		$0.TextStylePolicy = $1
		$1.inheritsSet = null
		$1.scope = text/x-csharp
		$0.CSharpFormattingPolicy = $2
		$2.inheritsSet = Mono
		$2.inheritsScope = text/x-csharp
		$2.scope = text/x-csharp
		$0.TextStylePolicy = $3
		$3.FileWidth = 120
		$3.TabWidth = 4
		$3.EolMarker = Unix
		$3.inheritsSet = Mono
		$3.inheritsScope = text/plain
		$3.scope = text/plain
	EndGlobalSection

EndGlobal
